
Microsoft Visual Studio Solution File, Format Version 12.00
# Visual Studio Version 16
VisualStudioVersion = 16.0.30907.101
MinimumVisualStudioVersion = 10.0.40219.1
Project("{FAE04EC0-301F-11D3-BF4B-00C04F79EFBC}") = "HelloWorld", "HelloWorld\HelloWorld.csproj", "{BEAFAFFF-6D57-4626-A85C-E1CF1E68A3AD}"
EndProject
Global
	GlobalSection(SolutionConfigurationPlatforms) = preSolution
		Debug|Any CPU = Debug|Any CPU
		Release|Any CPU = Release|Any CPU
	EndGlobalSection
	GlobalSection(ProjectConfigurationPlatforms) = postSolution
		{BEAFAFFF-6D57-4626-A85C-E1CF1E68A3AD}.Debug|Any CPU.ActiveCfg = Debug|Any CPU
		{BEAFAFFF-6D57-4626-A85C-E1CF1E68A3AD}.Debug|Any CPU.Build.0 = Debug|Any CPU
		{BEAFAFFF-6D57-4626-A85C-E1CF1E68A3AD}.Release|Any CPU.ActiveCfg = Release|Any CPU
		{BEAFAFFF-6D57-4626-A85C-E1CF1E68A3AD}.Release|Any CPU.Build.0 = Release|Any CPU
	EndGlobalSection
	GlobalSection(SolutionProperties) = preSolution
		HideSolutionNode = FALSE
	EndGlobalSection
	GlobalSection(ExtensibilityGlobals) = postSolution
		SolutionGuid = {027338EA-9A41-4298-ADB1-E8B0DB9FA639}
	EndGlobalSection
EndGlobal
